// !$*UTF8*$!
{
	archiveVersion = 1;
	classes = {
	};
	objectVersion = 48;
	objects = {

/* Begin PBXBuildFile section */
		27EF7A954DA1D9BC804DBBA3 /* libPods-HelloProject.a in Frameworks */ = {isa = PBXBuildFile; fileRef = 411DA7B3D8AED4F6893B4CAB /* libPods-HelloProject.a */; };
		E62871052003702100914D5C /* AppDelegate.m in Sources */ = {isa = PBXBuildFile; fileRef = E62871042003702100914D5C /* AppDelegate.m */; };
		E62871082003702100914D5C /* ViewController.m in Sources */ = {isa = PBXBuildFile; fileRef = E62871072003702100914D5C /* ViewController.m */; };
		E628710B2003702100914D5C /* Main.storyboard in Resources */ = {isa = PBXBuildFile; fileRef = E62871092003702100914D5C /* Main.storyboard */; };
		E628710D2003702100914D5C /* Assets.xcassets in Resources */ = {isa = PBXBuildFile; fileRef = E628710C2003702100914D5C /* Assets.xcassets */; };
		E62871102003702100914D5C /* LaunchScreen.storyboard in Resources */ = {isa = PBXBuildFile; fileRef = E628710E2003702100914D5C /* LaunchScreen.storyboard */; };
		E62871132003702100914D5C /* main.m in Sources */ = {isa = PBXBuildFile; fileRef = E62871122003702100914D5C /* main.m */; };
/* End PBXBuildFile section */

/* Begin PBXFileReference section */
		2AD2D748DCA490179F836EE3 /* Pods-HelloProject.debug.xcconfig */ = {isa = PBXFileReference; includeInIndex = 1; lastKnownFileType = text.xcconfig; name = "Pods-HelloProject.debug.xcconfig"; path = "Pods/Target Support Files/Pods-HelloProject/Pods-HelloProject.debug.xcconfig"; sourceTree = "<group>"; };
		3BCAE94FACBABBFAB5B31CEF /* Pods-HelloProject.release.xcconfig */ = {isa = PBXFileReference; includeInIndex = 1; lastKnownFileType = text.xcconfig; name = "Pods-HelloProject.release.xcconfig"; path = "Pods/Target Support Files/Pods-HelloProject/Pods-HelloProject.release.xcconfig"; sourceTree = "<group>"; };
		411DA7B3D8AED4F6893B4CAB /* libPods-HelloProject.a */ = {isa = PBXFileReference; explicitFileType = archive.ar; includeInIndex = 0; path = "libPods-HelloProject.a"; sourceTree = BUILT_PRODUCTS_DIR; };
		E62871002003702100914D5C /* HelloProject.app */ = {isa = PBXFileReference; explicitFileType = wrapper.application; includeInIndex = 0; path = HelloProject.app; sourceTree = BUILT_PRODUCTS_DIR; };
		E62871032003702100914D5C /* AppDelegate.h */ = {isa = PBXFileReference; lastKnownFileType = sourcecode.c.h; path = AppDelegate.h; sourceTree = "<group>"; };
		E62871042003702100914D5C /* AppDelegate.m */ = {isa = PBXFileReference; lastKnownFileType = sourcecode.c.objc; path = AppDelegate.m; sourceTree = "<group>"; };
		E62871062003702100914D5C /* ViewController.h */ = {isa = PBXFileReference; lastKnownFileType = sourcecode.c.h; path = ViewController.h; sourceTree = "<group>"; };
		E62871072003702100914D5C /* ViewController.m */ = {isa = PBXFileReference; lastKnownFileType = sourcecode.c.objc; path = ViewController.m; sourceTree = "<group>"; };
		E628710A2003702100914D5C /* Base */ = {isa = PBXFileReference; lastKnownFileType = file.storyboard; name = Base; path = Base.lproj/Main.storyboard; sourceTree = "<group>"; };
		E628710C2003702100914D5C /* Assets.xcassets */ = {isa = PBXFileReference; lastKnownFileType = folder.assetcatalog; path = Assets.xcassets; sourceTree = "<group>"; };
		E628710F2003702100914D5C /* Base */ = {isa = PBXFileReference; lastKnownFileType = file.storyboard; name = Base; path = Base.lproj/LaunchScreen.storyboard; sourceTree = "<group>"; };
		E62871112003702100914D5C /* Info.plist */ = {isa = PBXFileReference; lastKnownFileType = text.plist.xml; path = Info.plist; sourceTree = "<group>"; };
		E62871122003702100914D5C /* main.m */ = {isa = PBXFileReference; lastKnownFileType = sourcecode.c.objc; path = main.m; sourceTree = "<group>"; };
/* End PBXFileReference section */

/* Begin PBXFrameworksBuildPhase section */
		E62870FD2003702100914D5C /* Frameworks */ = {
			isa = PBXFrameworksBuildPhase;
			buildActionMask = 2147483647;
			files = (
				27EF7A954DA1D9BC804DBBA3 /* libPods-HelloProject.a in Frameworks */,
			);
			runOnlyForDeploymentPostprocessing = 0;
		};
/* End PBXFrameworksBuildPhase section */

/* Begin PBXGroup section */
		33DE362DCA3F99405A93B1BF /* Frameworks */ = {
			isa = PBXGroup;
			children = (
				411DA7B3D8AED4F6893B4CAB /* libPods-HelloProject.a */,
			);
			name = Frameworks;
			sourceTree = "<group>";
		};
		773347AB2795B6ED2CE9CBE7 /* Pods */ = {
			isa = PBXGroup;
			children = (
				2AD2D748DCA490179F836EE3 /* Pods-HelloProject.debug.xcconfig */,
				3BCAE94FACBABBFAB5B31CEF /* Pods-HelloProject.release.xcconfig */,
			);
			name = Pods;
			sourceTree = "<group>";
		};
		E62870F72003702100914D5C = {
			isa = PBXGroup;
			children = (
				E62871022003702100914D5C /* HelloProject */,
				E62871012003702100914D5C /* Products */,
				773347AB2795B6ED2CE9CBE7 /* Pods */,
				33DE362DCA3F99405A93B1BF /* Frameworks */,
			);
			sourceTree = "<group>";
		};
		E62871012003702100914D5C /* Products */ = {
			isa = PBXGroup;
			children = (
				E62871002003702100914D5C /* HelloProject.app */,
			);
			name = Products;
			sourceTree = "<group>";
		};
		E62871022003702100914D5C /* HelloProject */ = {
			isa = PBXGroup;
			children = (
				E62871032003702100914D5C /* AppDelegate.h */,
				E62871042003702100914D5C /* AppDelegate.m */,
				E62871062003702100914D5C /* ViewController.h */,
				E62871072003702100914D5C /* ViewController.m */,
				E62871092003702100914D5C /* Main.storyboard */,
				E628710C2003702100914D5C /* Assets.xcassets */,
				E628710E2003702100914D5C /* LaunchScreen.storyboard */,
				E62871112003702100914D5C /* Info.plist */,
				E62871122003702100914D5C /* main.m */,
			);
			path = HelloProject;
			sourceTree = "<group>";
		};
/* End PBXGroup section */

/* Begin PBXNativeTarget section */
		E62870FF2003702100914D5C /* HelloProject */ = {
			isa = PBXNativeTarget;
			buildConfigurationList = E62871162003702100914D5C /* Build configuration list for PBXNativeTarget "HelloProject" */;
			buildPhases = (
				1FCFACA20B8F62315BB3AA98 /* [CP] Check Pods Manifest.lock */,
				E62870FC2003702100914D5C /* Sources */,
				E62870FD2003702100914D5C /* Frameworks */,
				E62870FE2003702100914D5C /* Resources */,
				8E3D605B2702F63F13B59D3B /* [CP] Embed Pods Frameworks */,
				894CA0135149F00BF987D650 /* [CP] Copy Pods Resources */,
			);
			buildRules = (
			);
			dependencies = (
			);
			name = HelloProject;
			productName = HelloProject;
			productReference = E62871002003702100914D5C /* HelloProject.app */;
			productType = "com.apple.product-type.application";
		};
/* End PBXNativeTarget section */

/* Begin PBXProject section */
		E62870F82003702100914D5C /* Project object */ = {
			isa = PBXProject;
			attributes = {
				LastUpgradeCheck = 0920;
				ORGANIZATIONNAME = "Huayang inc.";
				TargetAttributes = {
					E62870FF2003702100914D5C = {
						CreatedOnToolsVersion = 9.2;
						ProvisioningStyle = Automatic;
					};
				};
			};
			buildConfigurationList = E62870FB2003702100914D5C /* Build configuration list for PBXProject "HelloProject" */;
			compatibilityVersion = "Xcode 8.0";
			developmentRegion = en;
			hasScannedForEncodings = 0;
			knownRegions = (
				en,
				Base,
			);
			mainGroup = E62870F72003702100914D5C;
			productRefGroup = E62871012003702100914D5C /* Products */;
			projectDirPath = "";
			projectRoot = "";
			targets = (
				E62870FF2003702100914D5C /* HelloProject */,
			);
		};
/* End PBXProject section */

/* Begin PBXResourcesBuildPhase section */
		E62870FE2003702100914D5C /* Resources */ = {
			isa = PBXResourcesBuildPhase;
			buildActionMask = 2147483647;
			files = (
				E62871102003702100914D5C /* LaunchScreen.storyboard in Resources */,
				E628710D2003702100914D5C /* Assets.xcassets in Resources */,
				E628710B2003702100914D5C /* Main.storyboard in Resources */,
			);
			runOnlyForDeploymentPostprocessing = 0;
		};
/* End PBXResourcesBuildPhase section */

/* Begin PBXShellScriptBuildPhase section */
		1FCFACA20B8F62315BB3AA98 /* [CP] Check Pods Manifest.lock */ = {
			isa = PBXShellScriptBuildPhase;
			buildActionMask = 2147483647;
			files = (
			);
			inputPaths = (
			);
			name = "[CP] Check Pods Manifest.lock";
			outputPaths = (
			);
			runOnlyForDeploymentPostprocessing = 0;
			shellPath = /bin/sh;
			shellScript = "diff \"${PODS_PODFILE_DIR_PATH}/Podfile.lock\" \"${PODS_ROOT}/Manifest.lock\" > /dev/null\nif [ $? != 0 ] ; then\n    # print error to STDERR\n    echo \"error: The sandbox is not in sync with the Podfile.lock. Run 'pod install' or update your CocoaPods installation.\" >&2\n    exit 1\nfi\n";
			showEnvVarsInLog = 0;
		};
		894CA0135149F00BF987D650 /* [CP] Copy Pods Resources */ = {
			isa = PBXShellScriptBuildPhase;
			buildActionMask = 2147483647;
			files = (
			);
			inputPaths = (
			);
			name = "[CP] Copy Pods Resources";
			outputPaths = (
			);
			runOnlyForDeploymentPostprocessing = 0;
			shellPath = /bin/sh;
			shellScript = "\"${SRCROOT}/Pods/Target Support Files/Pods-HelloProject/Pods-HelloProject-resources.sh\"\n";
			showEnvVarsInLog = 0;
		};
		8E3D605B2702F63F13B59D3B /* [CP] Embed Pods Frameworks */ = {
			isa = PBXShellScriptBuildPhase;
			buildActionMask = 2147483647;
			files = (
			);
			inputPaths = (
			);
			name = "[CP] Embed Pods Frameworks";
			outputPaths = (
			);
			runOnlyForDeploymentPostprocessing = 0;
			shellPath = /bin/sh;
			shellScript = "\"${SRCROOT}/Pods/Target Support Files/Pods-HelloProject/Pods-HelloProject-frameworks.sh\"\n";
			showEnvVarsInLog = 0;
		};
/* End PBXShellScriptBuildPhase section */

/* Begin PBXSourcesBuildPhase section */
		E62870FC2003702100914D5C /* Sources */ = {
			isa = PBXSourcesBuildPhase;
			buildActionMask = 2147483647;
			files = (
				E62871082003702100914D5C /* ViewController.m in Sources */,
				E62871132003702100914D5C /* main.m in Sources */,
				E62871052003702100914D5C /* AppDelegate.m in Sources */,
			);
			runOnlyForDeploymentPostprocessing = 0;
		};
/* End PBXSourcesBuildPhase section */

/* Begin PBXVariantGroup section */
		E62871092003702100914D5C /* Main.storyboard */ = {
			isa = PBXVariantGroup;
			children = (
				E628710A2003702100914D5C /* Base */,
			);
			name = Main.storyboard;
			sourceTree = "<group>";
		};
		E628710E2003702100914D5C /* LaunchScreen.storyboard */ = {
			isa = PBXVariantGroup;
			children = (
				E628710F2003702100914D5C /* Base */,
			);
			name = LaunchScreen.storyboard;
			sourceTree = "<group>";
		};
/* End PBXVariantGroup section */

/* Begin XCBuildConfiguration section */
		E62871142003702100914D5C /* Debug */ = {
			isa = XCBuildConfiguration;
			buildSettings = {
				ALWAYS_SEARCH_USER_PATHS = NO;
				CLANG_ANALYZER_NONNULL = YES;
				CLANG_ANALYZER_NUMBER_OBJECT_CONVERSION = YES_AGGRESSIVE;
				CLANG_CXX_LANGUAGE_STANDARD = "gnu++14";
				CLANG_CXX_LIBRARY = "libc++";
				CLANG_ENABLE_MODULES = YES;
				CLANG_ENABLE_OBJC_ARC = YES;
				CLANG_WARN_BLOCK_CAPTURE_AUTORELEASING = YES;
				CLANG_WARN_BOOL_CONVERSION = YES;
				CLANG_WARN_COMMA = YES;
				CLANG_WARN_CONSTANT_CONVERSION = YES;
				CLANG_WARN_DIRECT_OBJC_ISA_USAGE = YES_ERROR;
				CLANG_WARN_DOCUMENTATION_COMMENTS = YES;
				CLANG_WARN_EMPTY_BODY = YES;
				CLANG_WARN_ENUM_CONVERSION = YES;
				CLANG_WARN_INFINITE_RECURSION = YES;
				CLANG_WARN_INT_CONVERSION = YES;
				CLANG_WARN_NON_LITERAL_NULL_CONVERSION = YES;
				CLANG_WARN_OBJC_LITERAL_CONVERSION = YES;
				CLANG_WARN_OBJC_ROOT_CLASS = YES_ERROR;
				CLANG_WARN_RANGE_LOOP_ANALYSIS = YES;
				CLANG_WARN_STRICT_PROTOTYPES = YES;
				CLANG_WARN_SUSPICIOUS_MOVE = YES;
				CLANG_WARN_UNGUARDED_AVAILABILITY = YES_AGGRESSIVE;
				CLANG_WARN_UNREACHABLE_CODE = YES;
				CLANG_WARN__DUPLICATE_METHOD_MATCH = YES;
				CODE_SIGN_IDENTITY = "iPhone Developer";
				COPY_PHASE_STRIP = NO;
				DEBUG_INFORMATION_FORMAT = dwarf;
				ENABLE_STRICT_OBJC_MSGSEND = YES;
				ENABLE_TESTABILITY = YES;
				GCC_C_LANGUAGE_STANDARD = gnu11;
				GCC_DYNAMIC_NO_PIC = NO;
				GCC_NO_COMMON_BLOCKS = YES;
				GCC_OPTIMIZATION_LEVEL = 0;
				GCC_PREPROCESSOR_DEFINITIONS = (
					"DEBUG=1",
					"$(inherited)",
				);
				GCC_WARN_64_TO_32_BIT_CONVERSION = YES;
				GCC_WARN_ABOUT_RETURN_TYPE = YES_ERROR;
				GCC_WARN_UNDECLARED_SELECTOR = YES;
				GCC_WARN_UNINITIALIZED_AUTOS = YES_AGGRESSIVE;
				GCC_WARN_UNUSED_FUNCTION = YES;
				GCC_WARN_UNUSED_VARIABLE = YES;
				IPHONEOS_DEPLOYMENT_TARGET = 9.0;
				MTL_ENABLE_DEBUG_INFO = YES;
				ONLY_ACTIVE_ARCH = YES;
				SDKROOT = iphoneos;
			};
			name = Debug;
		};
		E62871152003702100914D5C /* Release */ = {
			isa = XCBuildConfiguration;
			buildSettings = {
				ALWAYS_SEARCH_USER_PATHS = NO;
				CLANG_ANALYZER_NONNULL = YES;
				CLANG_ANALYZER_NUMBER_OBJECT_CONVERSION = YES_AGGRESSIVE;
				CLANG_CXX_LANGUAGE_STANDARD = "gnu++14";
				CLANG_CXX_LIBRARY = "libc++";
				CLANG_ENABLE_MODULES = YES;
				CLANG_ENABLE_OBJC_ARC = YES;
				CLANG_WARN_BLOCK_CAPTURE_AUTORELEASING = YES;
				CLANG_WARN_BOOL_CONVERSION = YES;
				CLANG_WARN_COMMA = YES;
				CLANG_WARN_CONSTANT_CONVERSION = YES;
				CLANG_WARN_DIRECT_OBJC_ISA_USAGE = YES_ERROR;
				CLANG_WARN_DOCUMENTATION_COMMENTS = YES;
				CLANG_WARN_EMPTY_BODY = YES;
				CLANG_WARN_ENUM_CONVERSION = YES;
				CLANG_WARN_INFINITE_RECURSION = YES;
				CLANG_WARN_INT_CONVERSION = YES;
				CLANG_WARN_NON_LITERAL_NULL_CONVERSION = YES;
				CLANG_WARN_OBJC_LITERAL_CONVERSION = YES;
				CLANG_WARN_OBJC_ROOT_CLASS = YES_ERROR;
				CLANG_WARN_RANGE_LOOP_ANALYSIS = YES;
				CLANG_WARN_STRICT_PROTOTYPES = YES;
				CLANG_WARN_SUSPICIOUS_MOVE = YES;
				CLANG_WARN_UNGUARDED_AVAILABILITY = YES_AGGRESSIVE;
				CLANG_WARN_UNREACHABLE_CODE = YES;
				CLANG_WARN__DUPLICATE_METHOD_MATCH = YES;
				CODE_SIGN_IDENTITY = "iPhone Developer";
				COPY_PHASE_STRIP = NO;
				DEBUG_INFORMATION_FORMAT = "dwarf-with-dsym";
				ENABLE_NS_ASSERTIONS = NO;
				ENABLE_STRICT_OBJC_MSGSEND = YES;
				GCC_C_LANGUAGE_STANDARD = gnu11;
				GCC_NO_COMMON_BLOCKS = YES;
				GCC_WARN_64_TO_32_BIT_CONVERSION = YES;
				GCC_WARN_ABOUT_RETURN_TYPE = YES_ERROR;
				GCC_WARN_UNDECLARED_SELECTOR = YES;
				GCC_WARN_UNINITIALIZED_AUTOS = YES_AGGRESSIVE;
				GCC_WARN_UNUSED_FUNCTION = YES;
				GCC_WARN_UNUSED_VARIABLE = YES;
				IPHONEOS_DEPLOYMENT_TARGET = 9.0;
				MTL_ENABLE_DEBUG_INFO = NO;
				SDKROOT = iphoneos;
				VALIDATE_PRODUCT = YES;
			};
			name = Release;
		};
		E62871172003702100914D5C /* Debug */ = {
			isa = XCBuildConfiguration;
			baseConfigurationReference = 2AD2D748DCA490179F836EE3 /* Pods-HelloProject.debug.xcconfig */;
			buildSettings = {
				ASSETCATALOG_COMPILER_APPICON_NAME = AppIcon;
				CODE_SIGN_STYLE = Automatic;
				DEVELOPMENT_TEAM = 495W836UVX;
				INFOPLIST_FILE = HelloProject/Info.plist;
				LD_RUNPATH_SEARCH_PATHS = "$(inherited) @executable_path/Frameworks";
				PRODUCT_BUNDLE_IDENTIFIER = com.huayanginfo.HelloProject;
				PRODUCT_NAME = "$(TARGET_NAME)";
				TARGETED_DEVICE_FAMILY = "1,2";
			};
			name = Debug;
		};
		E62871182003702100914D5C /* Release */ = {
			isa = XCBuildConfiguration;
			baseConfigurationReference = 3BCAE94FACBABBFAB5B31CEF /* Pods-HelloProject.release.xcconfig */;
			buildSettings = {
				ASSETCATALOG_COMPILER_APPICON_NAME = AppIcon;
				CODE_SIGN_STYLE = Automatic;
				DEVELOPMENT_TEAM = 495W836UVX;
				INFOPLIST_FILE = HelloProject/Info.plist;
				LD_RUNPATH_SEARCH_PATHS = "$(inherited) @executable_path/Frameworks";
				PRODUCT_BUNDLE_IDENTIFIER = com.huayanginfo.HelloProject;
				PRODUCT_NAME = "$(TARGET_NAME)";
				TARGETED_DEVICE_FAMILY = "1,2";
			};
			name = Release;
		};
/* End XCBuildConfiguration section */

/* Begin XCConfigurationList section */
		E62870FB2003702100914D5C /* Build configuration list for PBXProject "HelloProject" */ = {
			isa = XCConfigurationList;
			buildConfigurations = (
				E62871142003702100914D5C /* Debug */,
				E62871152003702100914D5C /* Release */,
			);
			defaultConfigurationIsVisible = 0;
			defaultConfigurationName = Release;
		};
		E62871162003702100914D5C /* Build configuration list for PBXNativeTarget "HelloProject" */ = {
			isa = XCConfigurationList;
			buildConfigurations = (
				E62871172003702100914D5C /* Debug */,
				E62871182003702100914D5C /* Release */,
			);
			defaultConfigurationIsVisible = 0;
			defaultConfigurationName = Release;
		};
/* End XCConfigurationList section */
	};
	rootObject = E62870F82003702100914D5C /* Project object */;
}
